
Microsoft Visual Studio Solution File, Format Version 12.00
# Visual Studio Version 17
VisualStudioVersion = 17.0.31903.59
MinimumVisualStudioVersion = 10.0.40219.1
Project("{2150E333-8FDC-42A3-9474-1A3956D46DE8}") = "010-basics", "010-basics", "{663030A0-0A93-4565-BEE2-2F356E49FEFA}"
EndProject
Project("{FAE04EC0-301F-11D3-BF4B-00C04F79EFBC}") = "ApiBasicsDotNet", "010-basics-dotnet\ApiBasicsDotNet\ApiBasicsDotNet.csproj", "{99F0BCCA-ED5E-4654-937F-C79E7E2130C4}"
EndProject
Project("{2150E333-8FDC-42A3-9474-1A3956D46DE8}") = "020-functions", "020-functions", "{468B4675-71B9-4397-8225-4DDEC46DD4B0}"
EndProject
Project("{FAE04EC0-301F-11D3-BF4B-00C04F79EFBC}") = "FunctionCallingDotNet", "020-functions-dotnet\FunctionCallingDotNet\FunctionCallingDotNet.csproj", "{A71026F5-ACF4-49FF-94C4-73006234E737}"
EndProject
Project("{FAE04EC0-301F-11D3-BF4B-00C04F79EFBC}") = "035-assistants-dotnet", "035-assistants-dotnet\035-assistants-dotnet.csproj", "{4410FBFF-81EE-44E5-82CC-82E619380D87}"
EndProject
Global
	GlobalSection(SolutionConfigurationPlatforms) = preSolution
		Debug|Any CPU = Debug|Any CPU
		Release|Any CPU = Release|Any CPU
	EndGlobalSection
	GlobalSection(SolutionProperties) = preSolution
		HideSolutionNode = FALSE
	EndGlobalSection
	GlobalSection(ProjectConfigurationPlatforms) = postSolution
		{99F0BCCA-ED5E-4654-937F-C79E7E2130C4}.Debug|Any CPU.ActiveCfg = Debug|Any CPU
		{99F0BCCA-ED5E-4654-937F-C79E7E2130C4}.Debug|Any CPU.Build.0 = Debug|Any CPU
		{99F0BCCA-ED5E-4654-937F-C79E7E2130C4}.Release|Any CPU.ActiveCfg = Release|Any CPU
		{99F0BCCA-ED5E-4654-937F-C79E7E2130C4}.Release|Any CPU.Build.0 = Release|Any CPU
		{A71026F5-ACF4-49FF-94C4-73006234E737}.Debug|Any CPU.ActiveCfg = Debug|Any CPU
		{A71026F5-ACF4-49FF-94C4-73006234E737}.Debug|Any CPU.Build.0 = Debug|Any CPU
		{A71026F5-ACF4-49FF-94C4-73006234E737}.Release|Any CPU.ActiveCfg = Release|Any CPU
		{A71026F5-ACF4-49FF-94C4-73006234E737}.Release|Any CPU.Build.0 = Release|Any CPU
		{4410FBFF-81EE-44E5-82CC-82E619380D87}.Debug|Any CPU.ActiveCfg = Debug|Any CPU
		{4410FBFF-81EE-44E5-82CC-82E619380D87}.Debug|Any CPU.Build.0 = Debug|Any CPU
		{4410FBFF-81EE-44E5-82CC-82E619380D87}.Release|Any CPU.ActiveCfg = Release|Any CPU
		{4410FBFF-81EE-44E5-82CC-82E619380D87}.Release|Any CPU.Build.0 = Release|Any CPU
	EndGlobalSection
	GlobalSection(NestedProjects) = preSolution
		{99F0BCCA-ED5E-4654-937F-C79E7E2130C4} = {663030A0-0A93-4565-BEE2-2F356E49FEFA}
		{A71026F5-ACF4-49FF-94C4-73006234E737} = {468B4675-71B9-4397-8225-4DDEC46DD4B0}
	EndGlobalSection
EndGlobal
