
Microsoft Visual Studio Solution File, Format Version 12.00
# Visual Studio Version 17
VisualStudioVersion = 17.0.31903.59
MinimumVisualStudioVersion = 10.0.40219.1
Project("{2150E333-8FDC-42A3-9474-1A3956D46DE8}") = "010-basics-dotnet", "010-basics-dotnet", "{ECF40993-4AD0-441E-93E7-F80E62465259}"
EndProject
Project("{FAE04EC0-301F-11D3-BF4B-00C04F79EFBC}") = "ApiBasicsDotNet", "010-basics-dotnet\ApiBasicsDotNet\ApiBasicsDotNet.csproj", "{6569C5F1-0230-43E5-9041-1CD4C214F748}"
EndProject
Project("{2150E333-8FDC-42A3-9474-1A3956D46DE8}") = "020-functions-dotnet", "020-functions-dotnet", "{FFD3A9CA-B05C-4519-921C-2ECFFC523D74}"
EndProject
Project("{FAE04EC0-301F-11D3-BF4B-00C04F79EFBC}") = "FunctionCallingDotNet", "020-functions-dotnet\FunctionCallingDotNet\FunctionCallingDotNet.csproj", "{BF6F92A4-E8B9-4DCB-A851-3E67CEAC4DDC}"
EndProject
Project("{FAE04EC0-301F-11D3-BF4B-00C04F79EFBC}") = "035-assistants-dotnet", "035-assistants-dotnet\035-assistants-dotnet.csproj", "{E3AACF07-5434-4B5C-820D-B5E1A661C6D5}"
EndProject
Project("{FAE04EC0-301F-11D3-BF4B-00C04F79EFBC}") = "090-bug-repro", "090-bug-repro\090-bug-repro.csproj", "{6FBC2C6A-A3D4-4459-A995-C94B9213C1CD}"
EndProject
Project("{FAE04EC0-301F-11D3-BF4B-00C04F79EFBC}") = "ApiBasicsDotNet", "012-basics-dotnet-streaming\ApiBasicsDotNet.csproj", "{F83DD00A-465E-4E47-BDA5-163E6F45CE8F}"
EndProject
Global
	GlobalSection(SolutionConfigurationPlatforms) = preSolution
		Debug|Any CPU = Debug|Any CPU
		Release|Any CPU = Release|Any CPU
	EndGlobalSection
	GlobalSection(SolutionProperties) = preSolution
		HideSolutionNode = FALSE
	EndGlobalSection
	GlobalSection(ProjectConfigurationPlatforms) = postSolution
		{6569C5F1-0230-43E5-9041-1CD4C214F748}.Debug|Any CPU.ActiveCfg = Debug|Any CPU
		{6569C5F1-0230-43E5-9041-1CD4C214F748}.Debug|Any CPU.Build.0 = Debug|Any CPU
		{6569C5F1-0230-43E5-9041-1CD4C214F748}.Release|Any CPU.ActiveCfg = Release|Any CPU
		{6569C5F1-0230-43E5-9041-1CD4C214F748}.Release|Any CPU.Build.0 = Release|Any CPU
		{BF6F92A4-E8B9-4DCB-A851-3E67CEAC4DDC}.Debug|Any CPU.ActiveCfg = Debug|Any CPU
		{BF6F92A4-E8B9-4DCB-A851-3E67CEAC4DDC}.Debug|Any CPU.Build.0 = Debug|Any CPU
		{BF6F92A4-E8B9-4DCB-A851-3E67CEAC4DDC}.Release|Any CPU.ActiveCfg = Release|Any CPU
		{BF6F92A4-E8B9-4DCB-A851-3E67CEAC4DDC}.Release|Any CPU.Build.0 = Release|Any CPU
		{E3AACF07-5434-4B5C-820D-B5E1A661C6D5}.Debug|Any CPU.ActiveCfg = Debug|Any CPU
		{E3AACF07-5434-4B5C-820D-B5E1A661C6D5}.Debug|Any CPU.Build.0 = Debug|Any CPU
		{E3AACF07-5434-4B5C-820D-B5E1A661C6D5}.Release|Any CPU.ActiveCfg = Release|Any CPU
		{E3AACF07-5434-4B5C-820D-B5E1A661C6D5}.Release|Any CPU.Build.0 = Release|Any CPU
		{6FBC2C6A-A3D4-4459-A995-C94B9213C1CD}.Debug|Any CPU.ActiveCfg = Debug|Any CPU
		{6FBC2C6A-A3D4-4459-A995-C94B9213C1CD}.Debug|Any CPU.Build.0 = Debug|Any CPU
		{6FBC2C6A-A3D4-4459-A995-C94B9213C1CD}.Release|Any CPU.ActiveCfg = Release|Any CPU
		{6FBC2C6A-A3D4-4459-A995-C94B9213C1CD}.Release|Any CPU.Build.0 = Release|Any CPU
		{F83DD00A-465E-4E47-BDA5-163E6F45CE8F}.Debug|Any CPU.ActiveCfg = Debug|Any CPU
		{F83DD00A-465E-4E47-BDA5-163E6F45CE8F}.Debug|Any CPU.Build.0 = Debug|Any CPU
		{F83DD00A-465E-4E47-BDA5-163E6F45CE8F}.Release|Any CPU.ActiveCfg = Release|Any CPU
		{F83DD00A-465E-4E47-BDA5-163E6F45CE8F}.Release|Any CPU.Build.0 = Release|Any CPU
	EndGlobalSection
	GlobalSection(NestedProjects) = preSolution
		{6569C5F1-0230-43E5-9041-1CD4C214F748} = {ECF40993-4AD0-441E-93E7-F80E62465259}
		{BF6F92A4-E8B9-4DCB-A851-3E67CEAC4DDC} = {FFD3A9CA-B05C-4519-921C-2ECFFC523D74}
	EndGlobalSection
EndGlobal
